
Microsoft Visual Studio Solution File, Format Version 12.00
# Visual Studio Version 17
VisualStudioVersion = 17.0.32126.317
MinimumVisualStudioVersion = 10.0.40219.1
Project("{FAE04EC0-301F-11D3-BF4B-00C04F79EFBC}") = "WinAppInocarAguajes", "Web Scrapring App\WinAppInocarAguajes.csproj", "{0287BD82-C286-4A3B-8F52-A8C68015DE9C}"
EndProject
Project("{FAE04EC0-301F-11D3-BF4B-00C04F79EFBC}") = "WebScrapringSharp", "CalendarioAguaje\WebScrapringSharp.csproj", "{D6AB0E37-DBD2-406C-A503-344B15E9CCCF}"
EndProject
Global
	GlobalSection(SolutionConfigurationPlatforms) = preSolution
		Debug|Any CPU = Debug|Any CPU
		Release|Any CPU = Release|Any CPU
	EndGlobalSection
	GlobalSection(ProjectConfigurationPlatforms) = postSolution
		{0287BD82-C286-4A3B-8F52-A8C68015DE9C}.Debug|Any CPU.ActiveCfg = Debug|Any CPU
		{0287BD82-C286-4A3B-8F52-A8C68015DE9C}.Debug|Any CPU.Build.0 = Debug|Any CPU
		{0287BD82-C286-4A3B-8F52-A8C68015DE9C}.Release|Any CPU.ActiveCfg = Release|Any CPU
		{0287BD82-C286-4A3B-8F52-A8C68015DE9C}.Release|Any CPU.Build.0 = Release|Any CPU
		{D6AB0E37-DBD2-406C-A503-344B15E9CCCF}.Debug|Any CPU.ActiveCfg = Debug|Any CPU
		{D6AB0E37-DBD2-406C-A503-344B15E9CCCF}.Debug|Any CPU.Build.0 = Debug|Any CPU
		{D6AB0E37-DBD2-406C-A503-344B15E9CCCF}.Release|Any CPU.ActiveCfg = Release|Any CPU
		{D6AB0E37-DBD2-406C-A503-344B15E9CCCF}.Release|Any CPU.Build.0 = Release|Any CPU
	EndGlobalSection
	GlobalSection(SolutionProperties) = preSolution
		HideSolutionNode = FALSE
	EndGlobalSection
	GlobalSection(ExtensibilityGlobals) = postSolution
		SolutionGuid = {3DB0141C-8922-46F8-9E7F-4971B181A6F3}
	EndGlobalSection
EndGlobal
